
Microsoft Visual Studio Solution File, Format Version 12.00
# Visual Studio Version 17
VisualStudioVersion = 17.12.35521.163
MinimumVisualStudioVersion = 10.0.40219.1
Project("{FAE04EC0-301F-11D3-BF4B-00C04F79EFBC}") = "Aoc.Day1", "Aoc.Day1\Aoc.Day1.csproj", "{6AA12889-B0CC-4AE2-B080-F135C6859CDA}"
EndProject
Project("{FAE04EC0-301F-11D3-BF4B-00C04F79EFBC}") = "Aoc.Day3", "Aoc.Day3\Aoc.Day3.csproj", "{324387D4-74F6-4EDF-B332-36BD9C08F2CC}"
EndProject
Project("{FAE04EC0-301F-11D3-BF4B-00C04F79EFBC}") = "Aoc.Day2", "Aoc.Day2\Aoc.Day2.csproj", "{D5C2AD8B-9C47-492E-865F-E0A606A9FB9D}"
EndProject
Project("{FAE04EC0-301F-11D3-BF4B-00C04F79EFBC}") = "Aoc.Day4", "Aoc.Day4\Aoc.Day4.csproj", "{7D5A2FA1-6975-4B50-B77B-85B73E95370B}"
EndProject
Project("{FAE04EC0-301F-11D3-BF4B-00C04F79EFBC}") = "Aoc.Day4.2", "Aoc.Day4.2\Aoc.Day4.2.csproj", "{3C1F4D4E-C27C-4390-8D80-C24362976954}"
EndProject
Project("{FAE04EC0-301F-11D3-BF4B-00C04F79EFBC}") = "Aoc.Day5", "Aoc.Day5\Aoc.Day5.csproj", "{0A76358B-7DE3-429F-8117-332BD96FA834}"
EndProject
Project("{FAE04EC0-301F-11D3-BF4B-00C04F79EFBC}") = "Aoc.Day5.2", "Aoc.Day5.2\Aoc.Day5.2.csproj", "{5F5A1B0E-C08F-48D5-9BC8-514AB6F42B80}"
EndProject
Project("{FAE04EC0-301F-11D3-BF4B-00C04F79EFBC}") = "Aoc.Day6.1", "Aoc.Day6.1\Aoc.Day6.1.csproj", "{E7720A55-D315-4940-AA1B-C3813F993CC1}"
EndProject
Project("{FAE04EC0-301F-11D3-BF4B-00C04F79EFBC}") = "Aoc.Day6.2", "Aoc.Day6.2\Aoc.Day6.2.csproj", "{F0276E9D-2B10-4548-BD55-D5EA2577B4DC}"
EndProject
Project("{FAE04EC0-301F-11D3-BF4B-00C04F79EFBC}") = "Aoc.Day7.1", "Aoc.Day7.1\Aoc.Day7.1.csproj", "{9D395419-A037-4AC4-9DEE-F8B8F185F2BC}"
EndProject
Project("{FAE04EC0-301F-11D3-BF4B-00C04F79EFBC}") = "Aoc.Day7.2", "Aoc.Day7.2\Aoc.Day7.2.csproj", "{F649D3E7-0739-4D12-B091-D79987D22F82}"
EndProject
Project("{FAE04EC0-301F-11D3-BF4B-00C04F79EFBC}") = "Aoc.Day8.1", "Aoc.Day8.1\Aoc.Day8.1.csproj", "{3E7BA251-F0AC-45E5-A2F8-CEE354D436CF}"
EndProject
Project("{FAE04EC0-301F-11D3-BF4B-00C04F79EFBC}") = "Aoc.Day8.2", "Aoc.Day8.2\Aoc.Day8.2.csproj", "{00980B50-851F-4DE8-9986-B1B10ABAA33D}"
EndProject
Global
	GlobalSection(SolutionConfigurationPlatforms) = preSolution
		Debug|Any CPU = Debug|Any CPU
		Release|Any CPU = Release|Any CPU
	EndGlobalSection
	GlobalSection(ProjectConfigurationPlatforms) = postSolution
		{6AA12889-B0CC-4AE2-B080-F135C6859CDA}.Debug|Any CPU.ActiveCfg = Debug|Any CPU
		{6AA12889-B0CC-4AE2-B080-F135C6859CDA}.Debug|Any CPU.Build.0 = Debug|Any CPU
		{6AA12889-B0CC-4AE2-B080-F135C6859CDA}.Release|Any CPU.ActiveCfg = Release|Any CPU
		{6AA12889-B0CC-4AE2-B080-F135C6859CDA}.Release|Any CPU.Build.0 = Release|Any CPU
		{324387D4-74F6-4EDF-B332-36BD9C08F2CC}.Debug|Any CPU.ActiveCfg = Debug|Any CPU
		{324387D4-74F6-4EDF-B332-36BD9C08F2CC}.Debug|Any CPU.Build.0 = Debug|Any CPU
		{324387D4-74F6-4EDF-B332-36BD9C08F2CC}.Release|Any CPU.ActiveCfg = Release|Any CPU
		{324387D4-74F6-4EDF-B332-36BD9C08F2CC}.Release|Any CPU.Build.0 = Release|Any CPU
		{D5C2AD8B-9C47-492E-865F-E0A606A9FB9D}.Debug|Any CPU.ActiveCfg = Debug|Any CPU
		{D5C2AD8B-9C47-492E-865F-E0A606A9FB9D}.Debug|Any CPU.Build.0 = Debug|Any CPU
		{D5C2AD8B-9C47-492E-865F-E0A606A9FB9D}.Release|Any CPU.ActiveCfg = Release|Any CPU
		{D5C2AD8B-9C47-492E-865F-E0A606A9FB9D}.Release|Any CPU.Build.0 = Release|Any CPU
		{7D5A2FA1-6975-4B50-B77B-85B73E95370B}.Debug|Any CPU.ActiveCfg = Debug|Any CPU
		{7D5A2FA1-6975-4B50-B77B-85B73E95370B}.Debug|Any CPU.Build.0 = Debug|Any CPU
		{7D5A2FA1-6975-4B50-B77B-85B73E95370B}.Release|Any CPU.ActiveCfg = Release|Any CPU
		{7D5A2FA1-6975-4B50-B77B-85B73E95370B}.Release|Any CPU.Build.0 = Release|Any CPU
		{3C1F4D4E-C27C-4390-8D80-C24362976954}.Debug|Any CPU.ActiveCfg = Debug|Any CPU
		{3C1F4D4E-C27C-4390-8D80-C24362976954}.Debug|Any CPU.Build.0 = Debug|Any CPU
		{3C1F4D4E-C27C-4390-8D80-C24362976954}.Release|Any CPU.ActiveCfg = Release|Any CPU
		{3C1F4D4E-C27C-4390-8D80-C24362976954}.Release|Any CPU.Build.0 = Release|Any CPU
		{0A76358B-7DE3-429F-8117-332BD96FA834}.Debug|Any CPU.ActiveCfg = Debug|Any CPU
		{0A76358B-7DE3-429F-8117-332BD96FA834}.Debug|Any CPU.Build.0 = Debug|Any CPU
		{0A76358B-7DE3-429F-8117-332BD96FA834}.Release|Any CPU.ActiveCfg = Release|Any CPU
		{0A76358B-7DE3-429F-8117-332BD96FA834}.Release|Any CPU.Build.0 = Release|Any CPU
		{5F5A1B0E-C08F-48D5-9BC8-514AB6F42B80}.Debug|Any CPU.ActiveCfg = Debug|Any CPU
		{5F5A1B0E-C08F-48D5-9BC8-514AB6F42B80}.Debug|Any CPU.Build.0 = Debug|Any CPU
		{5F5A1B0E-C08F-48D5-9BC8-514AB6F42B80}.Release|Any CPU.ActiveCfg = Release|Any CPU
		{5F5A1B0E-C08F-48D5-9BC8-514AB6F42B80}.Release|Any CPU.Build.0 = Release|Any CPU
		{E7720A55-D315-4940-AA1B-C3813F993CC1}.Debug|Any CPU.ActiveCfg = Debug|Any CPU
		{E7720A55-D315-4940-AA1B-C3813F993CC1}.Debug|Any CPU.Build.0 = Debug|Any CPU
		{E7720A55-D315-4940-AA1B-C3813F993CC1}.Release|Any CPU.ActiveCfg = Release|Any CPU
		{E7720A55-D315-4940-AA1B-C3813F993CC1}.Release|Any CPU.Build.0 = Release|Any CPU
		{F0276E9D-2B10-4548-BD55-D5EA2577B4DC}.Debug|Any CPU.ActiveCfg = Debug|Any CPU
		{F0276E9D-2B10-4548-BD55-D5EA2577B4DC}.Debug|Any CPU.Build.0 = Debug|Any CPU
		{F0276E9D-2B10-4548-BD55-D5EA2577B4DC}.Release|Any CPU.ActiveCfg = Release|Any CPU
		{F0276E9D-2B10-4548-BD55-D5EA2577B4DC}.Release|Any CPU.Build.0 = Release|Any CPU
		{9D395419-A037-4AC4-9DEE-F8B8F185F2BC}.Debug|Any CPU.ActiveCfg = Debug|Any CPU
		{9D395419-A037-4AC4-9DEE-F8B8F185F2BC}.Debug|Any CPU.Build.0 = Debug|Any CPU
		{9D395419-A037-4AC4-9DEE-F8B8F185F2BC}.Release|Any CPU.ActiveCfg = Release|Any CPU
		{9D395419-A037-4AC4-9DEE-F8B8F185F2BC}.Release|Any CPU.Build.0 = Release|Any CPU
		{F649D3E7-0739-4D12-B091-D79987D22F82}.Debug|Any CPU.ActiveCfg = Debug|Any CPU
		{F649D3E7-0739-4D12-B091-D79987D22F82}.Debug|Any CPU.Build.0 = Debug|Any CPU
		{F649D3E7-0739-4D12-B091-D79987D22F82}.Release|Any CPU.ActiveCfg = Release|Any CPU
		{F649D3E7-0739-4D12-B091-D79987D22F82}.Release|Any CPU.Build.0 = Release|Any CPU
		{3E7BA251-F0AC-45E5-A2F8-CEE354D436CF}.Debug|Any CPU.ActiveCfg = Debug|Any CPU
		{3E7BA251-F0AC-45E5-A2F8-CEE354D436CF}.Debug|Any CPU.Build.0 = Debug|Any CPU
		{3E7BA251-F0AC-45E5-A2F8-CEE354D436CF}.Release|Any CPU.ActiveCfg = Release|Any CPU
		{3E7BA251-F0AC-45E5-A2F8-CEE354D436CF}.Release|Any CPU.Build.0 = Release|Any CPU
		{00980B50-851F-4DE8-9986-B1B10ABAA33D}.Debug|Any CPU.ActiveCfg = Debug|Any CPU
		{00980B50-851F-4DE8-9986-B1B10ABAA33D}.Debug|Any CPU.Build.0 = Debug|Any CPU
		{00980B50-851F-4DE8-9986-B1B10ABAA33D}.Release|Any CPU.ActiveCfg = Release|Any CPU
		{00980B50-851F-4DE8-9986-B1B10ABAA33D}.Release|Any CPU.Build.0 = Release|Any CPU
	EndGlobalSection
	GlobalSection(SolutionProperties) = preSolution
		HideSolutionNode = FALSE
	EndGlobalSection
EndGlobal
